
Microsoft Visual Studio Solution File, Format Version 12.00
# Visual Studio Version 17
VisualStudioVersion = 17.11.35431.28
MinimumVisualStudioVersion = 10.0.40219.1
Project("{9A19103F-16F7-4668-BE54-9A1E7A4F7556}") = "CapaPresentacion", "CapaPresentacion\CapaPresentacion.csproj", "{D152AD3A-29EC-4AD2-B943-B6676A7746AE}"
EndProject
Project("{9A19103F-16F7-4668-BE54-9A1E7A4F7556}") = "CapaEntidades", "CapaEntidades\CapaEntidades.csproj", "{37DF8B47-7FD5-49FB-8405-7191F136FFF2}"
EndProject
Project("{9A19103F-16F7-4668-BE54-9A1E7A4F7556}") = "CapaDatos", "CapaDatos\CapaDatos.csproj", "{85FB4F4D-F640-4030-9D56-277F3743F52F}"
EndProject
Project("{9A19103F-16F7-4668-BE54-9A1E7A4F7556}") = "TestUnitario", "TestUnitario\TestUnitario.csproj", "{86604FD0-675F-435F-B945-3472C544A3C5}"
EndProject
Project("{9A19103F-16F7-4668-BE54-9A1E7A4F7556}") = "CapaLogica", "CapaLogica\CapaLogica.csproj", "{EC613DD9-3065-4CDF-8DDF-67ED19C4790B}"
EndProject
Project("{FAE04EC0-301F-11D3-BF4B-00C04F79EFBC}") = "CapaRed", "CapaRed\CapaRed.csproj", "{471D18BA-E77F-46CA-AF45-429694CEE28B}"
EndProject
Global
	GlobalSection(SolutionConfigurationPlatforms) = preSolution
		Debug|Any CPU = Debug|Any CPU
		Release|Any CPU = Release|Any CPU
	EndGlobalSection
	GlobalSection(ProjectConfigurationPlatforms) = postSolution
		{D152AD3A-29EC-4AD2-B943-B6676A7746AE}.Debug|Any CPU.ActiveCfg = Debug|Any CPU
		{D152AD3A-29EC-4AD2-B943-B6676A7746AE}.Debug|Any CPU.Build.0 = Debug|Any CPU
		{D152AD3A-29EC-4AD2-B943-B6676A7746AE}.Release|Any CPU.ActiveCfg = Release|Any CPU
		{D152AD3A-29EC-4AD2-B943-B6676A7746AE}.Release|Any CPU.Build.0 = Release|Any CPU
		{37DF8B47-7FD5-49FB-8405-7191F136FFF2}.Debug|Any CPU.ActiveCfg = Debug|Any CPU
		{37DF8B47-7FD5-49FB-8405-7191F136FFF2}.Debug|Any CPU.Build.0 = Debug|Any CPU
		{37DF8B47-7FD5-49FB-8405-7191F136FFF2}.Release|Any CPU.ActiveCfg = Release|Any CPU
		{37DF8B47-7FD5-49FB-8405-7191F136FFF2}.Release|Any CPU.Build.0 = Release|Any CPU
		{85FB4F4D-F640-4030-9D56-277F3743F52F}.Debug|Any CPU.ActiveCfg = Debug|Any CPU
		{85FB4F4D-F640-4030-9D56-277F3743F52F}.Debug|Any CPU.Build.0 = Debug|Any CPU
		{85FB4F4D-F640-4030-9D56-277F3743F52F}.Release|Any CPU.ActiveCfg = Release|Any CPU
		{85FB4F4D-F640-4030-9D56-277F3743F52F}.Release|Any CPU.Build.0 = Release|Any CPU
		{86604FD0-675F-435F-B945-3472C544A3C5}.Debug|Any CPU.ActiveCfg = Debug|Any CPU
		{86604FD0-675F-435F-B945-3472C544A3C5}.Debug|Any CPU.Build.0 = Debug|Any CPU
		{86604FD0-675F-435F-B945-3472C544A3C5}.Release|Any CPU.ActiveCfg = Release|Any CPU
		{86604FD0-675F-435F-B945-3472C544A3C5}.Release|Any CPU.Build.0 = Release|Any CPU
		{EC613DD9-3065-4CDF-8DDF-67ED19C4790B}.Debug|Any CPU.ActiveCfg = Debug|Any CPU
		{EC613DD9-3065-4CDF-8DDF-67ED19C4790B}.Debug|Any CPU.Build.0 = Debug|Any CPU
		{EC613DD9-3065-4CDF-8DDF-67ED19C4790B}.Release|Any CPU.ActiveCfg = Release|Any CPU
		{EC613DD9-3065-4CDF-8DDF-67ED19C4790B}.Release|Any CPU.Build.0 = Release|Any CPU
		{471D18BA-E77F-46CA-AF45-429694CEE28B}.Debug|Any CPU.ActiveCfg = Debug|Any CPU
		{471D18BA-E77F-46CA-AF45-429694CEE28B}.Debug|Any CPU.Build.0 = Debug|Any CPU
		{471D18BA-E77F-46CA-AF45-429694CEE28B}.Release|Any CPU.ActiveCfg = Release|Any CPU
		{471D18BA-E77F-46CA-AF45-429694CEE28B}.Release|Any CPU.Build.0 = Release|Any CPU
	EndGlobalSection
	GlobalSection(SolutionProperties) = preSolution
		HideSolutionNode = FALSE
	EndGlobalSection
	GlobalSection(ExtensibilityGlobals) = postSolution
		SolutionGuid = {54AF2454-2807-4CFB-A5C5-17F939350D1A}
	EndGlobalSection
EndGlobal
